Microsoft Visual Studio Solution File, Format Version 12.00
Project("{9A19103F-16F7-4668-BE54-9A1E7A4F7556}") = "JsonMangler", "JsonMangler.csproj", "{DA699AB8-F54B-4DDA-8561-C170FFDD3693}"
EndProject
Global
	GlobalSection(SolutionConfigurationPlatforms) = preSolution
		Debug|Any CPU = Debug|Any CPU
		Release|Any CPU = Release|Any CPU
	EndGlobalSection
	GlobalSection(ProjectConfigurationPlatforms) = postSolution
		{DA699AB8-F54B-4DDA-8561-C170FFDD3693}.Debug|Any CPU.ActiveCfg = Debug|Any CPU
		{DA699AB8-F54B-4DDA-8561-C170FFDD3693}.Debug|Any CPU.Build.0 = Debug|Any CPU
		{DA699AB8-F54B-4DDA-8561-C170FFDD3693}.Release|Any CPU.ActiveCfg = Release|Any CPU
		{DA699AB8-F54B-4DDA-8561-C170FFDD3693}.Release|Any CPU.Build.0 = Release|Any CPU
	EndGlobalSection
	GlobalSection(SolutionProperties) = preSolution
		HideSolutionNode = FALSE
	EndGlobalSection
	GlobalSection(ExtensibilityGlobals) = postSolution
		SolutionGuid = {34C9410E-7581-42D9-88F0-5D2BEFFAB91B}
	EndGlobalSection
EndGlobal
